{
  "name": "scripts",
  "lockfileVersion": 2,
  "requires": true,
  "packages": {
    "": {
      "dependencies": {
        "@fluentui/web-components": "^2.3.0",
        "giscus": "^0.0.9"
      }
    },
    "node_modules/@fluentui/web-components": {
      "version": "2.3.0",
      "resolved": "https://registry.npmmirror.com/@fluentui/web-components/-/web-components-2.3.0.tgz",
      "integrity": "sha512-fq7+1GesRXp6RLGDVkuRNdSvhurw2tqiL4h/ggQD2Jmaf1ogHqbyOfVSZeNV+SbwBUQpAG6k7cyV9aM2o6rWgg==",
      "dependencies": {
        "@microsoft/fast-colors": "^5.1.5",
        "@microsoft/fast-element": "^1.7.2",
        "@microsoft/fast-foundation": "^2.33.6",
        "@microsoft/fast-web-utilities": "^5.1.0",
        "tslib": "^1.13.0"
      }
    },
    "node_modules/@lit/reactive-element": {
      "version": "1.3.0",
      "resolved": "https://registry.npmmirror.com/@lit/reactive-element/-/reactive-element-1.3.0.tgz",
      "integrity": "sha512-0TKSIuJHXNLM0k98fi0AdMIdUoHIYlDHTP+0Vruc2SOs4T6vU1FinXgSvYd8mSrkt+8R+qdRAXvjpqrMXMyBgw=="
    },
    "node_modules/@microsoft/fast-colors": {
      "version": "5.1.5",
      "resolved": "https://registry.npmmirror.com/@microsoft/fast-colors/-/fast-colors-5.1.5.tgz",
      "integrity": "sha512-g8FByhbmRxibSpHkDE90CLCsh61HzH4ujPBG5N1zWXgM8LtzaF6OYBzfd8uGJ/md+SGeHf3aH9fcT8HTCbarXw=="
    },
    "node_modules/@microsoft/fast-element": {
      "version": "1.7.2",
      "resolved": "https://registry.npmmirror.com/@microsoft/fast-element/-/fast-element-1.7.2.tgz",
      "integrity": "sha512-bV+wFQUoMtyd1ccwE6k8CVjWSWQv9wgMj6nA2j2l5EtcN8+/XT23Ljce98GaMdIBARYpb35RQwCQq7stVWZUTg=="
    },
    "node_modules/@microsoft/fast-foundation": {
      "version": "2.33.6",
      "resolved": "https://registry.npmmirror.com/@microsoft/fast-foundation/-/fast-foundation-2.33.6.tgz",
      "integrity": "sha512-geROGEc760qBXqeYfCDn6Vlq0fXegpqUdVyUD/Fo1BvzI/MbxFqMy37wAEzzqB7B9XcPAoav34cBriWtEWE+gw==",
      "dependencies": {
        "@microsoft/fast-element": "^1.7.2",
        "@microsoft/fast-web-utilities": "^5.1.0",
        "tabbable": "^5.2.0",
        "tslib": "^1.13.0"
      }
    },
    "node_modules/@microsoft/fast-web-utilities": {
      "version": "5.1.0",
      "resolved": "https://registry.npmmirror.com/@microsoft/fast-web-utilities/-/fast-web-utilities-5.1.0.tgz",
      "integrity": "sha512-S2PCxI4XqtIxLM1N7i/NuIAgx+mJM01+mDzyB3vZlYibAkOT0bzp5YZCp+coXowokSin/nK5T2kqShMXEzI6Jg==",
      "dependencies": {
        "exenv-es6": "^1.0.0"
      }
    },
    "node_modules/@types/trusted-types": {
      "version": "2.0.2",
      "resolved": "https://registry.npmmirror.com/@types/trusted-types/-/trusted-types-2.0.2.tgz",
      "integrity": "sha512-F5DIZ36YVLE+PN+Zwws4kJogq47hNgX3Nx6WyDJ3kcplxyke3XIzB8uK5n/Lpm1HBsbGzd6nmGehL8cPekP+Tg=="
    },
    "node_modules/exenv-es6": {
      "version": "1.0.0",
      "resolved": "https://registry.npmmirror.com/exenv-es6/-/exenv-es6-1.0.0.tgz",
      "integrity": "sha512-fcG/TX8Ruv9Ma6PBaiNsUrHRJzVzuFMP6LtPn/9iqR+nr9mcLeEOGzXQGLC5CVQSXGE98HtzW2mTZkrCA3XrDg=="
    },
    "node_modules/giscus": {
      "version": "0.0.9",
      "resolved": "https://registry.npmmirror.com/giscus/-/giscus-0.0.9.tgz",
      "integrity": "sha512-RLIC1dJ35GemRBvm1eGhu6pNuMJdQCa37MHauiTDx4f1Dl2VRSyFv1WMf4u6xIrh0qIPAJ7N3YB8WUIkRU9X3A==",
      "dependencies": {
        "lit": "^2.1.3"
      }
    },
    "node_modules/lit": {
      "version": "2.2.0",
      "resolved": "https://registry.npmmirror.com/lit/-/lit-2.2.0.tgz",
      "integrity": "sha512-FDyxUuczo6cJJY/2Bkgfh1872U4ikUvmK1Cb6+lYC1CW+QOo8CaWXCpvPKFzYsz0ojUxoruBLVrECc7VI2f1dQ==",
      "dependencies": {
        "@lit/reactive-element": "^1.3.0",
        "lit-element": "^3.2.0",
        "lit-html": "^2.2.0"
      }
    },
    "node_modules/lit-element": {
      "version": "3.2.0",
      "resolved": "https://registry.npmmirror.com/lit-element/-/lit-element-3.2.0.tgz",
      "integrity": "sha512-HbE7yt2SnUtg5DCrWt028oaU4D5F4k/1cntAFHTkzY8ZIa8N0Wmu92PxSxucsQSOXlODFrICkQ5x/tEshKi13g==",
      "dependencies": {
        "@lit/reactive-element": "^1.3.0",
        "lit-html": "^2.2.0"
      }
    },
    "node_modules/lit-html": {
      "version": "2.2.0",
      "resolved": "https://registry.npmmirror.com/lit-html/-/lit-html-2.2.0.tgz",
      "integrity": "sha512-dJnevgV8VkCuOXLWrjQopDE8nSy8CzipZ/ATfYQv7z7Dct4abblcKecf50gkIScuwCTzKvRLgvTgV0zzagW4gA==",
      "dependencies": {
        "@types/trusted-types": "^2.0.2"
      }
    },
    "node_modules/tabbable": {
      "version": "5.2.1",
      "resolved": "https://registry.npmmirror.com/tabbable/-/tabbable-5.2.1.tgz",
      "integrity": "sha512-40pEZ2mhjaZzK0BnI+QGNjJO8UYx9pP5v7BGe17SORTO0OEuuaAwQTkAp8whcZvqon44wKFOikD+Al11K3JICQ=="
    },
    "node_modules/tslib": {
      "version": "1.14.1",
      "resolved": "https://registry.npmmirror.com/tslib/-/tslib-1.14.1.tgz",
      "integrity": "sha512-Xni35NKzjgMrwevysHTCArtLDpPvye8zV/0E4EyYn43P7/7qvQwPh9BGkHewbMulVntbigmcT7rdX3BNo9wRJg=="
    }
  },
  "dependencies": {
    "@fluentui/web-components": {
      "version": "2.3.0",
      "resolved": "https://registry.npmmirror.com/@fluentui/web-components/-/web-components-2.3.0.tgz",
      "integrity": "sha512-fq7+1GesRXp6RLGDVkuRNdSvhurw2tqiL4h/ggQD2Jmaf1ogHqbyOfVSZeNV+SbwBUQpAG6k7cyV9aM2o6rWgg==",
      "requires": {
        "@microsoft/fast-colors": "^5.1.5",
        "@microsoft/fast-element": "^1.7.2",
        "@microsoft/fast-foundation": "^2.33.6",
        "@microsoft/fast-web-utilities": "^5.1.0",
        "tslib": "^1.13.0"
      }
    },
    "@lit/reactive-element": {
      "version": "1.3.0",
      "resolved": "https://registry.npmmirror.com/@lit/reactive-element/-/reactive-element-1.3.0.tgz",
      "integrity": "sha512-0TKSIuJHXNLM0k98fi0AdMIdUoHIYlDHTP+0Vruc2SOs4T6vU1FinXgSvYd8mSrkt+8R+qdRAXvjpqrMXMyBgw=="
    },
    "@microsoft/fast-colors": {
      "version": "5.1.5",
      "resolved": "https://registry.npmmirror.com/@microsoft/fast-colors/-/fast-colors-5.1.5.tgz",
      "integrity": "sha512-g8FByhbmRxibSpHkDE90CLCsh61HzH4ujPBG5N1zWXgM8LtzaF6OYBzfd8uGJ/md+SGeHf3aH9fcT8HTCbarXw=="
    },
    "@microsoft/fast-element": {
      "version": "1.7.2",
      "resolved": "https://registry.npmmirror.com/@microsoft/fast-element/-/fast-element-1.7.2.tgz",
      "integrity": "sha512-bV+wFQUoMtyd1ccwE6k8CVjWSWQv9wgMj6nA2j2l5EtcN8+/XT23Ljce98GaMdIBARYpb35RQwCQq7stVWZUTg=="
    },
    "@microsoft/fast-foundation": {
      "version": "2.33.6",
      "resolved": "https://registry.npmmirror.com/@microsoft/fast-foundation/-/fast-foundation-2.33.6.tgz",
      "integrity": "sha512-geROGEc760qBXqeYfCDn6Vlq0fXegpqUdVyUD/Fo1BvzI/MbxFqMy37wAEzzqB7B9XcPAoav34cBriWtEWE+gw==",
      "requires": {
        "@microsoft/fast-element": "^1.7.2",
        "@microsoft/fast-web-utilities": "^5.1.0",
        "tabbable": "^5.2.0",
        "tslib": "^1.13.0"
      }
    },
    "@microsoft/fast-web-utilities": {
      "version": "5.1.0",
      "resolved": "https://registry.npmmirror.com/@microsoft/fast-web-utilities/-/fast-web-utilities-5.1.0.tgz",
      "integrity": "sha512-S2PCxI4XqtIxLM1N7i/NuIAgx+mJM01+mDzyB3vZlYibAkOT0bzp5YZCp+coXowokSin/nK5T2kqShMXEzI6Jg==",
      "requires": {
        "exenv-es6": "^1.0.0"
      }
    },
    "@types/trusted-types": {
      "version": "2.0.2",
      "resolved": "https://registry.npmmirror.com/@types/trusted-types/-/trusted-types-2.0.2.tgz",
      "integrity": "sha512-F5DIZ36YVLE+PN+Zwws4kJogq47hNgX3Nx6WyDJ3kcplxyke3XIzB8uK5n/Lpm1HBsbGzd6nmGehL8cPekP+Tg=="
    },
    "exenv-es6": {
      "version": "1.0.0",
      "resolved": "https://registry.npmmirror.com/exenv-es6/-/exenv-es6-1.0.0.tgz",
      "integrity": "sha512-fcG/TX8Ruv9Ma6PBaiNsUrHRJzVzuFMP6LtPn/9iqR+nr9mcLeEOGzXQGLC5CVQSXGE98HtzW2mTZkrCA3XrDg=="
    },
    "giscus": {
      "version": "0.0.9",
      "resolved": "https://registry.npmmirror.com/giscus/-/giscus-0.0.9.tgz",
      "integrity": "sha512-RLIC1dJ35GemRBvm1eGhu6pNuMJdQCa37MHauiTDx4f1Dl2VRSyFv1WMf4u6xIrh0qIPAJ7N3YB8WUIkRU9X3A==",
      "requires": {
        "lit": "^2.1.3"
      }
    },
    "lit": {
      "version": "2.2.0",
      "resolved": "https://registry.npmmirror.com/lit/-/lit-2.2.0.tgz",
      "integrity": "sha512-FDyxUuczo6cJJY/2Bkgfh1872U4ikUvmK1Cb6+lYC1CW+QOo8CaWXCpvPKFzYsz0ojUxoruBLVrECc7VI2f1dQ==",
      "requires": {
        "@lit/reactive-element": "^1.3.0",
        "lit-element": "^3.2.0",
        "lit-html": "^2.2.0"
      }
    },
    "lit-element": {
      "version": "3.2.0",
      "resolved": "https://registry.npmmirror.com/lit-element/-/lit-element-3.2.0.tgz",
      "integrity": "sha512-HbE7yt2SnUtg5DCrWt028oaU4D5F4k/1cntAFHTkzY8ZIa8N0Wmu92PxSxucsQSOXlODFrICkQ5x/tEshKi13g==",
      "requires": {
        "@lit/reactive-element": "^1.3.0",
        "lit-html": "^2.2.0"
      }
    },
    "lit-html": {
      "version": "2.2.0",
      "resolved": "https://registry.npmmirror.com/lit-html/-/lit-html-2.2.0.tgz",
      "integrity": "sha512-dJnevgV8VkCuOXLWrjQopDE8nSy8CzipZ/ATfYQv7z7Dct4abblcKecf50gkIScuwCTzKvRLgvTgV0zzagW4gA==",
      "requires": {
        "@types/trusted-types": "^2.0.2"
      }
    },
    "tabbable": {
      "version": "5.2.1",
      "resolved": "https://registry.npmmirror.com/tabbable/-/tabbable-5.2.1.tgz",
      "integrity": "sha512-40pEZ2mhjaZzK0BnI+QGNjJO8UYx9pP5v7BGe17SORTO0OEuuaAwQTkAp8whcZvqon44wKFOikD+Al11K3JICQ=="
    },
    "tslib": {
      "version": "1.14.1",
      "resolved": "https://registry.npmmirror.com/tslib/-/tslib-1.14.1.tgz",
      "integrity": "sha512-Xni35NKzjgMrwevysHTCArtLDpPvye8zV/0E4EyYn43P7/7qvQwPh9BGkHewbMulVntbigmcT7rdX3BNo9wRJg=="
    }
  }
}
